# Autogenerated by esc — do not edit by hand
root = "registry-demo"

easie = { path = "\\\\?\\E:\\evelent-core\\EvelentScript\\native\\registry\\packages\\easie" }
heap = { path = "\\\\?\\E:\\evelent-core\\EvelentScript\\native\\registry\\packages\\heap" }
normat = { path = "\\\\?\\E:\\evelent-core\\EvelentScript\\native\\registry\\packages\\normat" }
sentimood = { path = "\\\\?\\E:\\evelent-core\\EvelentScript\\native\\registry\\packages\\sentimood" }
shellwords = { path = "\\\\?\\E:\\evelent-core\\EvelentScript\\native\\registry\\packages\\shellwords" }
